
Microsoft Visual Studio Solution File, Format Version 12.00
# Visual Studio Version 17
VisualStudioVersion = 17.14.36429.23
MinimumVisualStudioVersion = 10.0.40219.1
Project("{FAE04EC0-301F-11D3-BF4B-00C04F79EFBC}") = "Admin.API", "Admin.API\Admin.API.csproj", "{B8B6BD28-9615-43DB-8319-38DDE5C18C24}"
EndProject
Global
	GlobalSection(SolutionConfigurationPlatforms) = preSolution
		Debug|Any CPU = Debug|Any CPU
		Release|Any CPU = Release|Any CPU
	EndGlobalSection
	GlobalSection(ProjectConfigurationPlatforms) = postSolution
		{B8B6BD28-9615-43DB-8319-38DDE5C18C24}.Debug|Any CPU.ActiveCfg = Debug|Any CPU
		{B8B6BD28-9615-43DB-8319-38DDE5C18C24}.Debug|Any CPU.Build.0 = Debug|Any CPU
		{B8B6BD28-9615-43DB-8319-38DDE5C18C24}.Release|Any CPU.ActiveCfg = Release|Any CPU
		{B8B6BD28-9615-43DB-8319-38DDE5C18C24}.Release|Any CPU.Build.0 = Release|Any CPU
	EndGlobalSection
	GlobalSection(SolutionProperties) = preSolution
		HideSolutionNode = FALSE
	EndGlobalSection
	GlobalSection(ExtensibilityGlobals) = postSolution
		SolutionGuid = {64729AC3-CACB-4341-9B2E-8552080A969D}
	EndGlobalSection
EndGlobal
